
Microsoft Visual Studio Solution File, Format Version 12.00
# Visual Studio Version 16
VisualStudioVersion = 16.0.30907.101
MinimumVisualStudioVersion = 10.0.40219.1
Project("{9A19103F-16F7-4668-BE54-9A1E7A4F7556}") = "Asana", "Asana\Asana.csproj", "{1E8EB988-5A28-4CFE-8A98-E924F5BD02DD}"
EndProject
Project("{FAE04EC0-301F-11D3-BF4B-00C04F79EFBC}") = "Asana.Console", "Asana.Console\Asana.Console.csproj", "{02014F4C-995C-4EAF-A207-C776296191DD}"
EndProject
Global
	GlobalSection(SolutionConfigurationPlatforms) = preSolution
		Debug|Any CPU = Debug|Any CPU
		Release|Any CPU = Release|Any CPU
	EndGlobalSection
	GlobalSection(ProjectConfigurationPlatforms) = postSolution
		{1E8EB988-5A28-4CFE-8A98-E924F5BD02DD}.Debug|Any CPU.ActiveCfg = Debug|Any CPU
		{1E8EB988-5A28-4CFE-8A98-E924F5BD02DD}.Debug|Any CPU.Build.0 = Debug|Any CPU
		{1E8EB988-5A28-4CFE-8A98-E924F5BD02DD}.Release|Any CPU.ActiveCfg = Release|Any CPU
		{1E8EB988-5A28-4CFE-8A98-E924F5BD02DD}.Release|Any CPU.Build.0 = Release|Any CPU
		{02014F4C-995C-4EAF-A207-C776296191DD}.Debug|Any CPU.ActiveCfg = Debug|Any CPU
		{02014F4C-995C-4EAF-A207-C776296191DD}.Debug|Any CPU.Build.0 = Debug|Any CPU
		{02014F4C-995C-4EAF-A207-C776296191DD}.Release|Any CPU.ActiveCfg = Release|Any CPU
		{02014F4C-995C-4EAF-A207-C776296191DD}.Release|Any CPU.Build.0 = Release|Any CPU
	EndGlobalSection
	GlobalSection(SolutionProperties) = preSolution
		HideSolutionNode = FALSE
	EndGlobalSection
	GlobalSection(ExtensibilityGlobals) = postSolution
		SolutionGuid = {F59376A1-88A5-4E52-B80E-ACF8DDFCE2CD}
	EndGlobalSection
EndGlobal
