
Microsoft Visual Studio Solution File, Format Version 12.00
# Visual Studio Version 16
VisualStudioVersion = 16.0.30907.101
MinimumVisualStudioVersion = 10.0.40219.1
Project("{9A19103F-16F7-4668-BE54-9A1E7A4F7556}") = "Asana", "src\Asana\Asana.csproj", "{1E8EB988-5A28-4CFE-8A98-E924F5BD02DD}"
EndProject
Project("{2150E333-8FDC-42A3-9474-1A3956D46DE8}") = "src", "src", "{E72D8866-21B1-4630-928E-05248B4657E1}"
EndProject
Project("{2150E333-8FDC-42A3-9474-1A3956D46DE8}") = "_items", "_items", "{9CEE84BE-941D-4D2C-B343-1D5E903AB5D4}"
	ProjectSection(SolutionItems) = preProject
		.gitignore = .gitignore
	EndProjectSection
EndProject
Project("{2150E333-8FDC-42A3-9474-1A3956D46DE8}") = "github", "github", "{75A74B2B-126E-4929-9EC5-01F6D006757C}"
EndProject
Project("{2150E333-8FDC-42A3-9474-1A3956D46DE8}") = "workflows", "workflows", "{8AA6059D-B608-4079-B2D9-88399B03CB02}"
	ProjectSection(SolutionItems) = preProject
		.github\workflows\build.yml = .github\workflows\build.yml
	EndProjectSection
EndProject
Project("{2150E333-8FDC-42A3-9474-1A3956D46DE8}") = ".dependabot", ".dependabot", "{A8F6C019-F71B-481B-9246-7CE686024DBA}"
	ProjectSection(SolutionItems) = preProject
		.dependabot\config.yml = .dependabot\config.yml
	EndProjectSection
EndProject
Project("{9A19103F-16F7-4668-BE54-9A1E7A4F7556}") = "Asana.OAuth", "src\Asana.OAuth\Asana.OAuth.csproj", "{4DA12050-450A-4624-866F-C07E3E678294}"
EndProject
Project("{9A19103F-16F7-4668-BE54-9A1E7A4F7556}") = "Asana.PersonalAccessToken.DependencyInjection", "src\Asana.PersonalAccessToken.DependencyInjection\Asana.PersonalAccessToken.DependencyInjection.csproj", "{944FD431-240A-486E-A1F5-227915E4316A}"
EndProject
Project("{9A19103F-16F7-4668-BE54-9A1E7A4F7556}") = "Asana.PersonalAccessToken", "src\Asana.PersonalAccessToken\Asana.PersonalAccessToken.csproj", "{648C5E54-9224-4F24-856A-2FBFB303B544}"
EndProject
Project("{9A19103F-16F7-4668-BE54-9A1E7A4F7556}") = "Asana.OAuth.DependencyInjection", "src\Asana.OAuth.DependencyInjection\Asana.OAuth.DependencyInjection.csproj", "{783CCED6-7043-4E87-9E2C-033938AD3CB6}"
EndProject
Project("{2150E333-8FDC-42A3-9474-1A3956D46DE8}") = "tests", "tests", "{12D7AFC6-1613-4B64-A480-70CF07783D9B}"
EndProject
Project("{9A19103F-16F7-4668-BE54-9A1E7A4F7556}") = "Asana.OAuth.DependencyInjection.Tests.Unit", "tests\Asana.OAuth.DependencyInjection.Tests.Unit\Asana.OAuth.DependencyInjection.Tests.Unit.csproj", "{6464199D-0F09-4268-85EA-6792766CC0FE}"
EndProject
Project("{9A19103F-16F7-4668-BE54-9A1E7A4F7556}") = "Asana.PersonalAccessToken.DependencyInjection.Tests.Unit", "tests\Asana.PersonalAccessToken.DependencyInjection.Tests.Unit\Asana.PersonalAccessToken.DependencyInjection.Tests.Unit.csproj", "{7DD30D9B-8C25-4349-9106-565125A123A9}"
EndProject
Global
	GlobalSection(SolutionConfigurationPlatforms) = preSolution
		Debug|Any CPU = Debug|Any CPU
		Release|Any CPU = Release|Any CPU
	EndGlobalSection
	GlobalSection(ProjectConfigurationPlatforms) = postSolution
		{1E8EB988-5A28-4CFE-8A98-E924F5BD02DD}.Debug|Any CPU.ActiveCfg = Debug|Any CPU
		{1E8EB988-5A28-4CFE-8A98-E924F5BD02DD}.Debug|Any CPU.Build.0 = Debug|Any CPU
		{1E8EB988-5A28-4CFE-8A98-E924F5BD02DD}.Release|Any CPU.ActiveCfg = Release|Any CPU
		{1E8EB988-5A28-4CFE-8A98-E924F5BD02DD}.Release|Any CPU.Build.0 = Release|Any CPU
		{4DA12050-450A-4624-866F-C07E3E678294}.Debug|Any CPU.ActiveCfg = Debug|Any CPU
		{4DA12050-450A-4624-866F-C07E3E678294}.Debug|Any CPU.Build.0 = Debug|Any CPU
		{4DA12050-450A-4624-866F-C07E3E678294}.Release|Any CPU.ActiveCfg = Release|Any CPU
		{4DA12050-450A-4624-866F-C07E3E678294}.Release|Any CPU.Build.0 = Release|Any CPU
		{944FD431-240A-486E-A1F5-227915E4316A}.Debug|Any CPU.ActiveCfg = Debug|Any CPU
		{944FD431-240A-486E-A1F5-227915E4316A}.Debug|Any CPU.Build.0 = Debug|Any CPU
		{944FD431-240A-486E-A1F5-227915E4316A}.Release|Any CPU.ActiveCfg = Release|Any CPU
		{944FD431-240A-486E-A1F5-227915E4316A}.Release|Any CPU.Build.0 = Release|Any CPU
		{648C5E54-9224-4F24-856A-2FBFB303B544}.Debug|Any CPU.ActiveCfg = Debug|Any CPU
		{648C5E54-9224-4F24-856A-2FBFB303B544}.Debug|Any CPU.Build.0 = Debug|Any CPU
		{648C5E54-9224-4F24-856A-2FBFB303B544}.Release|Any CPU.ActiveCfg = Release|Any CPU
		{648C5E54-9224-4F24-856A-2FBFB303B544}.Release|Any CPU.Build.0 = Release|Any CPU
		{783CCED6-7043-4E87-9E2C-033938AD3CB6}.Debug|Any CPU.ActiveCfg = Debug|Any CPU
		{783CCED6-7043-4E87-9E2C-033938AD3CB6}.Debug|Any CPU.Build.0 = Debug|Any CPU
		{783CCED6-7043-4E87-9E2C-033938AD3CB6}.Release|Any CPU.ActiveCfg = Release|Any CPU
		{783CCED6-7043-4E87-9E2C-033938AD3CB6}.Release|Any CPU.Build.0 = Release|Any CPU
		{6464199D-0F09-4268-85EA-6792766CC0FE}.Debug|Any CPU.ActiveCfg = Debug|Any CPU
		{6464199D-0F09-4268-85EA-6792766CC0FE}.Debug|Any CPU.Build.0 = Debug|Any CPU
		{6464199D-0F09-4268-85EA-6792766CC0FE}.Release|Any CPU.ActiveCfg = Release|Any CPU
		{6464199D-0F09-4268-85EA-6792766CC0FE}.Release|Any CPU.Build.0 = Release|Any CPU
		{7DD30D9B-8C25-4349-9106-565125A123A9}.Debug|Any CPU.ActiveCfg = Debug|Any CPU
		{7DD30D9B-8C25-4349-9106-565125A123A9}.Debug|Any CPU.Build.0 = Debug|Any CPU
		{7DD30D9B-8C25-4349-9106-565125A123A9}.Release|Any CPU.ActiveCfg = Release|Any CPU
		{7DD30D9B-8C25-4349-9106-565125A123A9}.Release|Any CPU.Build.0 = Release|Any CPU
	EndGlobalSection
	GlobalSection(SolutionProperties) = preSolution
		HideSolutionNode = FALSE
	EndGlobalSection
	GlobalSection(NestedProjects) = preSolution
		{1E8EB988-5A28-4CFE-8A98-E924F5BD02DD} = {E72D8866-21B1-4630-928E-05248B4657E1}
		{75A74B2B-126E-4929-9EC5-01F6D006757C} = {9CEE84BE-941D-4D2C-B343-1D5E903AB5D4}
		{8AA6059D-B608-4079-B2D9-88399B03CB02} = {75A74B2B-126E-4929-9EC5-01F6D006757C}
		{A8F6C019-F71B-481B-9246-7CE686024DBA} = {9CEE84BE-941D-4D2C-B343-1D5E903AB5D4}
		{4DA12050-450A-4624-866F-C07E3E678294} = {E72D8866-21B1-4630-928E-05248B4657E1}
		{944FD431-240A-486E-A1F5-227915E4316A} = {E72D8866-21B1-4630-928E-05248B4657E1}
		{648C5E54-9224-4F24-856A-2FBFB303B544} = {E72D8866-21B1-4630-928E-05248B4657E1}
		{783CCED6-7043-4E87-9E2C-033938AD3CB6} = {E72D8866-21B1-4630-928E-05248B4657E1}
		{6464199D-0F09-4268-85EA-6792766CC0FE} = {12D7AFC6-1613-4B64-A480-70CF07783D9B}
		{7DD30D9B-8C25-4349-9106-565125A123A9} = {12D7AFC6-1613-4B64-A480-70CF07783D9B}
	EndGlobalSection
	GlobalSection(ExtensibilityGlobals) = postSolution
		SolutionGuid = {F59376A1-88A5-4E52-B80E-ACF8DDFCE2CD}
	EndGlobalSection
EndGlobal
